# THIS IS AN AUTOGENERATED FILE. DO NOT EDIT THIS FILE DIRECTLY.
# yarn lockfile v1


"@web3-react/coinbase-wallet@8.0.31-beta.0":
  version "8.0.31-beta.0"
  resolved "https://registry.yarnpkg.com/@web3-react/coinbase-wallet/-/coinbase-wallet-8.0.31-beta.0.tgz#e57073ded8122ca34bc4c35ec1e240fad0967613"
  integrity sha512-4HDiF6+5eaIpYFBWC+8ImH8Rvnnuvd6CzI79+Loi5LRS4K9WmbjnPo3ZsAsz0avhE/eEgBdzRYKQSFrn8C4Ayw==
  dependencies:
    "@web3-react/types" "^8.0.17-beta.0"

"@web3-react/types@^8.0.17-beta.0":
  version "8.2.3"
  resolved "https://registry.yarnpkg.com/@web3-react/types/-/types-8.2.3.tgz#e2ac1eaaa7f96b518a5535fee048bf73470f5c21"
  integrity sha512-kSG90QkN+n7IOtp10nQ44oS8J7jzfH9EmqnruwBpCGybh1FM/ohyRvUKWYZNfNE4wsjTSpKsINR0/VdDsZMHyg==
  dependencies:
    zustand "4.4.0"

use-sync-external-store@1.2.0:
  version "1.2.0"
  resolved "https://registry.yarnpkg.com/use-sync-external-store/-/use-sync-external-store-1.2.0.tgz#7dbefd6ef3fe4e767a0cf5d7287aacfb5846928a"
  integrity sha512-eEgnFxGQ1Ife9bzYs6VLi8/4X6CObHMw9Qr9tPY43iKwsPw8xE8+EFsf/2cFZ5S3esXgpWgtSCtLNS41F+sKPA==

zustand@4.4.0:
  version "4.4.0"
  resolved "https://registry.yarnpkg.com/zustand/-/zustand-4.4.0.tgz#13b3e8ca959dd53d536034440aec382ff91b65c3"
  integrity sha512-2dq6wq4dSxbiPTamGar0NlIG/av0wpyWZJGeQYtUOLegIUvhM2Bf86ekPlmgpUtS5uR7HyetSiktYrGsdsyZgQ==
  dependencies:
    use-sync-external-store "1.2.0"
